// !$*UTF8*$!
{
	archiveVersion = 1;
	classes = {
	};
	objectVersion = 46;
	objects = {

/* Begin PBXBuildFile section */
		7B42D6E11E053B8C003CCC43 /* AppDelegate.swift in Sources */ = {isa = PBXBuildFile; fileRef = 7B42D6E01E053B8C003CCC43 /* AppDelegate.swift */; };
		7B42D6E31E053B8C003CCC43 /* ViewController.swift in Sources */ = {isa = PBXBuildFile; fileRef = 7B42D6E21E053B8C003CCC43 /* ViewController.swift */; };
		7B42D6E61E053B8C003CCC43 /* Main.storyboard in Resources */ = {isa = PBXBuildFile; fileRef = 7B42D6E41E053B8C003CCC43 /* Main.storyboard */; };
		7B42D6E81E053B8C003CCC43 /* Assets.xcassets in Resources */ = {isa = PBXBuildFile; fileRef = 7B42D6E71E053B8C003CCC43 /* Assets.xcassets */; };
		7B42D6EB1E053B8C003CCC43 /* LaunchScreen.storyboard in Resources */ = {isa = PBXBuildFile; fileRef = 7B42D6E91E053B8C003CCC43 /* LaunchScreen.storyboard */; };
		7B446EE51E0783480018D207 /* FishView.swift in Sources */ = {isa = PBXBuildFile; fileRef = 7B446EE41E0783480018D207 /* FishView.swift */; };
		7B446EE71E0783630018D207 /* HookerView.swift in Sources */ = {isa = PBXBuildFile; fileRef = 7B446EE61E0783630018D207 /* HookerView.swift */; };
		7B446EE91E0783770018D207 /* GameManager.swift in Sources */ = {isa = PBXBuildFile; fileRef = 7B446EE81E0783770018D207 /* GameManager.swift */; };
		7B446EEB1E07CBF90018D207 /* Fish Aquarium.jpg in Resources */ = {isa = PBXBuildFile; fileRef = 7B446EEA1E07CBF90018D207 /* Fish Aquarium.jpg */; };
		7B446EEF1E07CE2A0018D207 /* hook.png in Resources */ = {isa = PBXBuildFile; fileRef = 7B446EEE1E07CE2A0018D207 /* hook.png */; };
		7B446EF31E07D16D0018D207 /* fish1.png in Resources */ = {isa = PBXBuildFile; fileRef = 7B446EF21E07D16D0018D207 /* fish1.png */; };
		7B446EF71E07D4A90018D207 /* fish2.png in Resources */ = {isa = PBXBuildFile; fileRef = 7B446EF41E07D4A90018D207 /* fish2.png */; };
		7B446EF81E07D4A90018D207 /* fish3.png in Resources */ = {isa = PBXBuildFile; fileRef = 7B446EF51E07D4A90018D207 /* fish3.png */; };
		7B446EF91E07D4A90018D207 /* fish4.png in Resources */ = {isa = PBXBuildFile; fileRef = 7B446EF61E07D4A90018D207 /* fish4.png */; };
		7B860FB01E08DAF200472174 /* music 1.mp3 in Resources */ = {isa = PBXBuildFile; fileRef = 7B860FAF1E08DAF200472174 /* music 1.mp3 */; };
/* End PBXBuildFile section */

/* Begin PBXFileReference section */
		7B42D6DD1E053B8C003CCC43 /* fishingGame.app */ = {isa = PBXFileReference; explicitFileType = wrapper.application; includeInIndex = 0; path = fishingGame.app; sourceTree = BUILT_PRODUCTS_DIR; };
		7B42D6E01E053B8C003CCC43 /* AppDelegate.swift */ = {isa = PBXFileReference; lastKnownFileType = sourcecode.swift; path = AppDelegate.swift; sourceTree = "<group>"; };
		7B42D6E21E053B8C003CCC43 /* ViewController.swift */ = {isa = PBXFileReference; lastKnownFileType = sourcecode.swift; path = ViewController.swift; sourceTree = "<group>"; };
		7B42D6E51E053B8C003CCC43 /* Base */ = {isa = PBXFileReference; lastKnownFileType = file.storyboard; name = Base; path = Base.lproj/Main.storyboard; sourceTree = "<group>"; };
		7B42D6E71E053B8C003CCC43 /* Assets.xcassets */ = {isa = PBXFileReference; lastKnownFileType = folder.assetcatalog; path = Assets.xcassets; sourceTree = "<group>"; };
		7B42D6EA1E053B8C003CCC43 /* Base */ = {isa = PBXFileReference; lastKnownFileType = file.storyboard; name = Base; path = Base.lproj/LaunchScreen.storyboard; sourceTree = "<group>"; };
		7B42D6EC1E053B8C003CCC43 /* Info.plist */ = {isa = PBXFileReference; lastKnownFileType = text.plist.xml; path = Info.plist; sourceTree = "<group>"; };
		7B446EE41E0783480018D207 /* FishView.swift */ = {isa = PBXFileReference; fileEncoding = 4; lastKnownFileType = sourcecode.swift; path = FishView.swift; sourceTree = "<group>"; };
		7B446EE61E0783630018D207 /* HookerView.swift */ = {isa = PBXFileReference; fileEncoding = 4; lastKnownFileType = sourcecode.swift; path = HookerView.swift; sourceTree = "<group>"; };
		7B446EE81E0783770018D207 /* GameManager.swift */ = {isa = PBXFileReference; fileEncoding = 4; lastKnownFileType = sourcecode.swift; path = GameManager.swift; sourceTree = "<group>"; };
		7B446EEA1E07CBF90018D207 /* Fish Aquarium.jpg */ = {isa = PBXFileReference; lastKnownFileType = image.jpeg; path = "Fish Aquarium.jpg"; sourceTree = "<group>"; };
		7B446EEE1E07CE2A0018D207 /* hook.png */ = {isa = PBXFileReference; lastKnownFileType = image.png; path = hook.png; sourceTree = "<group>"; };
		7B446EF21E07D16D0018D207 /* fish1.png */ = {isa = PBXFileReference; lastKnownFileType = image.png; path = fish1.png; sourceTree = "<group>"; };
		7B446EF41E07D4A90018D207 /* fish2.png */ = {isa = PBXFileReference; lastKnownFileType = image.png; path = fish2.png; sourceTree = "<group>"; };
		7B446EF51E07D4A90018D207 /* fish3.png */ = {isa = PBXFileReference; lastKnownFileType = image.png; path = fish3.png; sourceTree = "<group>"; };
		7B446EF61E07D4A90018D207 /* fish4.png */ = {isa = PBXFileReference; lastKnownFileType = image.png; path = fish4.png; sourceTree = "<group>"; };
		7B860FAF1E08DAF200472174 /* music 1.mp3 */ = {isa = PBXFileReference; lastKnownFileType = audio.mp3; path = "music 1.mp3"; sourceTree = "<group>"; };
/* End PBXFileReference section */

/* Begin PBXFrameworksBuildPhase section */
		7B42D6DA1E053B8C003CCC43 /* Frameworks */ = {
			isa = PBXFrameworksBuildPhase;
			buildActionMask = 2147483647;
			files = (
			);
			runOnlyForDeploymentPostprocessing = 0;
		};
/* End PBXFrameworksBuildPhase section */

/* Begin PBXGroup section */
		7B42D6D41E053B8C003CCC43 = {
			isa = PBXGroup;
			children = (
				7B42D6DF1E053B8C003CCC43 /* fishingGame */,
				7B42D6DE1E053B8C003CCC43 /* Products */,
			);
			sourceTree = "<group>";
		};
		7B42D6DE1E053B8C003CCC43 /* Products */ = {
			isa = PBXGroup;
			children = (
				7B42D6DD1E053B8C003CCC43 /* fishingGame.app */,
			);
			name = Products;
			sourceTree = "<group>";
		};
		7B42D6DF1E053B8C003CCC43 /* fishingGame */ = {
			isa = PBXGroup;
			children = (
				7B860FAF1E08DAF200472174 /* music 1.mp3 */,
				7B446EF21E07D16D0018D207 /* fish1.png */,
				7B446EF41E07D4A90018D207 /* fish2.png */,
				7B446EF51E07D4A90018D207 /* fish3.png */,
				7B446EF61E07D4A90018D207 /* fish4.png */,
				7B446EEE1E07CE2A0018D207 /* hook.png */,
				7B446EEA1E07CBF90018D207 /* Fish Aquarium.jpg */,
				7B42D6E01E053B8C003CCC43 /* AppDelegate.swift */,
				7B42D6E21E053B8C003CCC43 /* ViewController.swift */,
				7B42D6E41E053B8C003CCC43 /* Main.storyboard */,
				7B42D6E71E053B8C003CCC43 /* Assets.xcassets */,
				7B42D6E91E053B8C003CCC43 /* LaunchScreen.storyboard */,
				7B42D6EC1E053B8C003CCC43 /* Info.plist */,
				7B446EE41E0783480018D207 /* FishView.swift */,
				7B446EE61E0783630018D207 /* HookerView.swift */,
				7B446EE81E0783770018D207 /* GameManager.swift */,
			);
			path = fishingGame;
			sourceTree = "<group>";
		};
/* End PBXGroup section */

/* Begin PBXNativeTarget section */
		7B42D6DC1E053B8C003CCC43 /* fishingGame */ = {
			isa = PBXNativeTarget;
			buildConfigurationList = 7B42D6EF1E053B8C003CCC43 /* Build configuration list for PBXNativeTarget "fishingGame" */;
			buildPhases = (
				7B42D6D91E053B8C003CCC43 /* Sources */,
				7B42D6DA1E053B8C003CCC43 /* Frameworks */,
				7B42D6DB1E053B8C003CCC43 /* Resources */,
			);
			buildRules = (
			);
			dependencies = (
			);
			name = fishingGame;
			productName = fishingGame;
			productReference = 7B42D6DD1E053B8C003CCC43 /* fishingGame.app */;
			productType = "com.apple.product-type.application";
		};
/* End PBXNativeTarget section */

/* Begin PBXProject section */
		7B42D6D51E053B8C003CCC43 /* Project object */ = {
			isa = PBXProject;
			attributes = {
				LastSwiftUpdateCheck = 0730;
				LastUpgradeCheck = 0730;
				ORGANIZATIONNAME = NguyenDucBien;
				TargetAttributes = {
					7B42D6DC1E053B8C003CCC43 = {
						CreatedOnToolsVersion = 7.3.1;
					};
				};
			};
			buildConfigurationList = 7B42D6D81E053B8C003CCC43 /* Build configuration list for PBXProject "fishingGame" */;
			compatibilityVersion = "Xcode 3.2";
			developmentRegion = English;
			hasScannedForEncodings = 0;
			knownRegions = (
				en,
				Base,
			);
			mainGroup = 7B42D6D41E053B8C003CCC43;
			productRefGroup = 7B42D6DE1E053B8C003CCC43 /* Products */;
			projectDirPath = "";
			projectRoot = "";
			targets = (
				7B42D6DC1E053B8C003CCC43 /* fishingGame */,
			);
		};
/* End PBXProject section */

/* Begin PBXResourcesBuildPhase section */
		7B42D6DB1E053B8C003CCC43 /* Resources */ = {
			isa = PBXResourcesBuildPhase;
			buildActionMask = 2147483647;
			files = (
				7B42D6EB1E053B8C003CCC43 /* LaunchScreen.storyboard in Resources */,
				7B446EF81E07D4A90018D207 /* fish3.png in Resources */,
				7B42D6E81E053B8C003CCC43 /* Assets.xcassets in Resources */,
				7B860FB01E08DAF200472174 /* music 1.mp3 in Resources */,
				7B446EF91E07D4A90018D207 /* fish4.png in Resources */,
				7B446EEF1E07CE2A0018D207 /* hook.png in Resources */,
				7B446EF31E07D16D0018D207 /* fish1.png in Resources */,
				7B42D6E61E053B8C003CCC43 /* Main.storyboard in Resources */,
				7B446EF71E07D4A90018D207 /* fish2.png in Resources */,
				7B446EEB1E07CBF90018D207 /* Fish Aquarium.jpg in Resources */,
			);
			runOnlyForDeploymentPostprocessing = 0;
		};
/* End PBXResourcesBuildPhase section */

/* Begin PBXSourcesBuildPhase section */
		7B42D6D91E053B8C003CCC43 /* Sources */ = {
			isa = PBXSourcesBuildPhase;
			buildActionMask = 2147483647;
			files = (
				7B42D6E31E053B8C003CCC43 /* ViewController.swift in Sources */,
				7B42D6E11E053B8C003CCC43 /* AppDelegate.swift in Sources */,
				7B446EE71E0783630018D207 /* HookerView.swift in Sources */,
				7B446EE51E0783480018D207 /* FishView.swift in Sources */,
				7B446EE91E0783770018D207 /* GameManager.swift in Sources */,
			);
			runOnlyForDeploymentPostprocessing = 0;
		};
/* End PBXSourcesBuildPhase section */

/* Begin PBXVariantGroup section */
		7B42D6E41E053B8C003CCC43 /* Main.storyboard */ = {
			isa = PBXVariantGroup;
			children = (
				7B42D6E51E053B8C003CCC43 /* Base */,
			);
			name = Main.storyboard;
			sourceTree = "<group>";
		};
		7B42D6E91E053B8C003CCC43 /* LaunchScreen.storyboard */ = {
			isa = PBXVariantGroup;
			children = (
				7B42D6EA1E053B8C003CCC43 /* Base */,
			);
			name = LaunchScreen.storyboard;
			sourceTree = "<group>";
		};
/* End PBXVariantGroup section */

/* Begin XCBuildConfiguration section */
		7B42D6ED1E053B8C003CCC43 /* Debug */ = {
			isa = XCBuildConfiguration;
			buildSettings = {
				ALWAYS_SEARCH_USER_PATHS = NO;
				CLANG_ANALYZER_NONNULL = YES;
				CLANG_CXX_LANGUAGE_STANDARD = "gnu++0x";
				CLANG_CXX_LIBRARY = "libc++";
				CLANG_ENABLE_MODULES = YES;
				CLANG_ENABLE_OBJC_ARC = YES;
				CLANG_WARN_BOOL_CONVERSION = YES;
				CLANG_WARN_CONSTANT_CONVERSION = YES;
				CLANG_WARN_DIRECT_OBJC_ISA_USAGE = YES_ERROR;
				CLANG_WARN_EMPTY_BODY = YES;
				CLANG_WARN_ENUM_CONVERSION = YES;
				CLANG_WARN_INT_CONVERSION = YES;
				CLANG_WARN_OBJC_ROOT_CLASS = YES_ERROR;
				CLANG_WARN_UNREACHABLE_CODE = YES;
				CLANG_WARN__DUPLICATE_METHOD_MATCH = YES;
				"CODE_SIGN_IDENTITY[sdk=iphoneos*]" = "iPhone Developer";
				COPY_PHASE_STRIP = NO;
				DEBUG_INFORMATION_FORMAT = dwarf;
				ENABLE_STRICT_OBJC_MSGSEND = YES;
				ENABLE_TESTABILITY = YES;
				GCC_C_LANGUAGE_STANDARD = gnu99;
				GCC_DYNAMIC_NO_PIC = NO;
				GCC_NO_COMMON_BLOCKS = YES;
				GCC_OPTIMIZATION_LEVEL = 0;
				GCC_PREPROCESSOR_DEFINITIONS = (
					"DEBUG=1",
					"$(inherited)",
				);
				GCC_WARN_64_TO_32_BIT_CONVERSION = YES;
				GCC_WARN_ABOUT_RETURN_TYPE = YES_ERROR;
				GCC_WARN_UNDECLARED_SELECTOR = YES;
				GCC_WARN_UNINITIALIZED_AUTOS = YES_AGGRESSIVE;
				GCC_WARN_UNUSED_FUNCTION = YES;
				GCC_WARN_UNUSED_VARIABLE = YES;
				IPHONEOS_DEPLOYMENT_TARGET = 9.3;
				MTL_ENABLE_DEBUG_INFO = YES;
				ONLY_ACTIVE_ARCH = YES;
				SDKROOT = iphoneos;
				SWIFT_OPTIMIZATION_LEVEL = "-Onone";
				TARGETED_DEVICE_FAMILY = "1,2";
			};
			name = Debug;
		};
		7B42D6EE1E053B8C003CCC43 /* Release */ = {
			isa = XCBuildConfiguration;
			buildSettings = {
				ALWAYS_SEARCH_USER_PATHS = NO;
				CLANG_ANALYZER_NONNULL = YES;
				CLANG_CXX_LANGUAGE_STANDARD = "gnu++0x";
				CLANG_CXX_LIBRARY = "libc++";
				CLANG_ENABLE_MODULES = YES;
				CLANG_ENABLE_OBJC_ARC = YES;
				CLANG_WARN_BOOL_CONVERSION = YES;
				CLANG_WARN_CONSTANT_CONVERSION = YES;
				CLANG_WARN_DIRECT_OBJC_ISA_USAGE = YES_ERROR;
				CLANG_WARN_EMPTY_BODY = YES;
				CLANG_WARN_ENUM_CONVERSION = YES;
				CLANG_WARN_INT_CONVERSION = YES;
				CLANG_WARN_OBJC_ROOT_CLASS = YES_ERROR;
				CLANG_WARN_UNREACHABLE_CODE = YES;
				CLANG_WARN__DUPLICATE_METHOD_MATCH = YES;
				"CODE_SIGN_IDENTITY[sdk=iphoneos*]" = "iPhone Developer";
				COPY_PHASE_STRIP = NO;
				DEBUG_INFORMATION_FORMAT = "dwarf-with-dsym";
				ENABLE_NS_ASSERTIONS = NO;
				ENABLE_STRICT_OBJC_MSGSEND = YES;
				GCC_C_LANGUAGE_STANDARD = gnu99;
				GCC_NO_COMMON_BLOCKS = YES;
				GCC_WARN_64_TO_32_BIT_CONVERSION = YES;
				GCC_WARN_ABOUT_RETURN_TYPE = YES_ERROR;
				GCC_WARN_UNDECLARED_SELECTOR = YES;
				GCC_WARN_UNINITIALIZED_AUTOS = YES_AGGRESSIVE;
				GCC_WARN_UNUSED_FUNCTION = YES;
				GCC_WARN_UNUSED_VARIABLE = YES;
				IPHONEOS_DEPLOYMENT_TARGET = 9.3;
				MTL_ENABLE_DEBUG_INFO = NO;
				SDKROOT = iphoneos;
				TARGETED_DEVICE_FAMILY = "1,2";
				VALIDATE_PRODUCT = YES;
			};
			name = Release;
		};
		7B42D6F01E053B8C003CCC43 /* Debug */ = {
			isa = XCBuildConfiguration;
			buildSettings = {
				ASSETCATALOG_COMPILER_APPICON_NAME = AppIcon;
				INFOPLIST_FILE = fishingGame/Info.plist;
				LD_RUNPATH_SEARCH_PATHS = "$(inherited) @executable_path/Frameworks";
				PRODUCT_BUNDLE_IDENTIFIER = com.jun.fishingGame;
				PRODUCT_NAME = "$(TARGET_NAME)";
			};
			name = Debug;
		};
		7B42D6F11E053B8C003CCC43 /* Release */ = {
			isa = XCBuildConfiguration;
			buildSettings = {
				ASSETCATALOG_COMPILER_APPICON_NAME = AppIcon;
				INFOPLIST_FILE = fishingGame/Info.plist;
				LD_RUNPATH_SEARCH_PATHS = "$(inherited) @executable_path/Frameworks";
				PRODUCT_BUNDLE_IDENTIFIER = com.jun.fishingGame;
				PRODUCT_NAME = "$(TARGET_NAME)";
			};
			name = Release;
		};
/* End XCBuildConfiguration section */

/* Begin XCConfigurationList section */
		7B42D6D81E053B8C003CCC43 /* Build configuration list for PBXProject "fishingGame" */ = {
			isa = XCConfigurationList;
			buildConfigurations = (
				7B42D6ED1E053B8C003CCC43 /* Debug */,
				7B42D6EE1E053B8C003CCC43 /* Release */,
			);
			defaultConfigurationIsVisible = 0;
			defaultConfigurationName = Release;
		};
		7B42D6EF1E053B8C003CCC43 /* Build configuration list for PBXNativeTarget "fishingGame" */ = {
			isa = XCConfigurationList;
			buildConfigurations = (
				7B42D6F01E053B8C003CCC43 /* Debug */,
				7B42D6F11E053B8C003CCC43 /* Release */,
			);
			defaultConfigurationIsVisible = 0;
			defaultConfigurationName = Release;
		};
/* End XCConfigurationList section */
	};
	rootObject = 7B42D6D51E053B8C003CCC43 /* Project object */;
}
